
Microsoft Visual Studio Solution File, Format Version 12.00
# Visual Studio Version 16
VisualStudioVersion = 16.0.30517.126
MinimumVisualStudioVersion = 10.0.40219.1
Project("{FAE04EC0-301F-11D3-BF4B-00C04F79EFBC}") = "TravelApp.Android", "TravelApp\TravelApp.Android\TravelApp.Android.csproj", "{54F43C2D-A94C-4DB1-87DB-A6B022C209A1}"
EndProject
Project("{FAE04EC0-301F-11D3-BF4B-00C04F79EFBC}") = "TravelApp.iOS", "TravelApp\TravelApp.iOS\TravelApp.iOS.csproj", "{0A9C787D-1E31-4F59-B4AA-901038880B29}"
EndProject
Project("{FAE04EC0-301F-11D3-BF4B-00C04F79EFBC}") = "TravelApp", "TravelApp\TravelApp\TravelApp.csproj", "{6B95D753-2FC4-4250-AA70-8FF065AF908D}"
EndProject
Global
	GlobalSection(SolutionConfigurationPlatforms) = preSolution
		Debug|Any CPU = Debug|Any CPU
		Debug|iPhone = Debug|iPhone
		Debug|iPhoneSimulator = Debug|iPhoneSimulator
		Release|Any CPU = Release|Any CPU
		Release|iPhone = Release|iPhone
		Release|iPhoneSimulator = Release|iPhoneSimulator
	EndGlobalSection
	GlobalSection(ProjectConfigurationPlatforms) = postSolution
		{54F43C2D-A94C-4DB1-87DB-A6B022C209A1}.Debug|Any CPU.ActiveCfg = Debug|Any CPU
		{54F43C2D-A94C-4DB1-87DB-A6B022C209A1}.Debug|Any CPU.Build.0 = Debug|Any CPU
		{54F43C2D-A94C-4DB1-87DB-A6B022C209A1}.Debug|Any CPU.Deploy.0 = Debug|Any CPU
		{54F43C2D-A94C-4DB1-87DB-A6B022C209A1}.Debug|iPhone.ActiveCfg = Debug|Any CPU
		{54F43C2D-A94C-4DB1-87DB-A6B022C209A1}.Debug|iPhone.Build.0 = Debug|Any CPU
		{54F43C2D-A94C-4DB1-87DB-A6B022C209A1}.Debug|iPhone.Deploy.0 = Debug|Any CPU
		{54F43C2D-A94C-4DB1-87DB-A6B022C209A1}.Debug|iPhoneSimulator.ActiveCfg = Debug|Any CPU
		{54F43C2D-A94C-4DB1-87DB-A6B022C209A1}.Debug|iPhoneSimulator.Build.0 = Debug|Any CPU
		{54F43C2D-A94C-4DB1-87DB-A6B022C209A1}.Debug|iPhoneSimulator.Deploy.0 = Debug|Any CPU
		{54F43C2D-A94C-4DB1-87DB-A6B022C209A1}.Release|Any CPU.ActiveCfg = Release|Any CPU
		{54F43C2D-A94C-4DB1-87DB-A6B022C209A1}.Release|Any CPU.Build.0 = Release|Any CPU
		{54F43C2D-A94C-4DB1-87DB-A6B022C209A1}.Release|Any CPU.Deploy.0 = Release|Any CPU
		{54F43C2D-A94C-4DB1-87DB-A6B022C209A1}.Release|iPhone.ActiveCfg = Release|Any CPU
		{54F43C2D-A94C-4DB1-87DB-A6B022C209A1}.Release|iPhone.Build.0 = Release|Any CPU
		{54F43C2D-A94C-4DB1-87DB-A6B022C209A1}.Release|iPhone.Deploy.0 = Release|Any CPU
		{54F43C2D-A94C-4DB1-87DB-A6B022C209A1}.Release|iPhoneSimulator.ActiveCfg = Release|Any CPU
		{54F43C2D-A94C-4DB1-87DB-A6B022C209A1}.Release|iPhoneSimulator.Build.0 = Release|Any CPU
		{54F43C2D-A94C-4DB1-87DB-A6B022C209A1}.Release|iPhoneSimulator.Deploy.0 = Release|Any CPU
		{0A9C787D-1E31-4F59-B4AA-901038880B29}.Debug|Any CPU.ActiveCfg = Debug|iPhone
		{0A9C787D-1E31-4F59-B4AA-901038880B29}.Debug|Any CPU.Build.0 = Debug|iPhone
		{0A9C787D-1E31-4F59-B4AA-901038880B29}.Debug|Any CPU.Deploy.0 = Debug|iPhone
		{0A9C787D-1E31-4F59-B4AA-901038880B29}.Debug|iPhone.ActiveCfg = Debug|iPhone
		{0A9C787D-1E31-4F59-B4AA-901038880B29}.Debug|iPhone.Build.0 = Debug|iPhone
		{0A9C787D-1E31-4F59-B4AA-901038880B29}.Debug|iPhone.Deploy.0 = Debug|iPhone
		{0A9C787D-1E31-4F59-B4AA-901038880B29}.Debug|iPhoneSimulator.ActiveCfg = Debug|iPhoneSimulator
		{0A9C787D-1E31-4F59-B4AA-901038880B29}.Debug|iPhoneSimulator.Build.0 = Debug|iPhoneSimulator
		{0A9C787D-1E31-4F59-B4AA-901038880B29}.Debug|iPhoneSimulator.Deploy.0 = Debug|iPhoneSimulator
		{0A9C787D-1E31-4F59-B4AA-901038880B29}.Release|Any CPU.ActiveCfg = Release|iPhoneSimulator
		{0A9C787D-1E31-4F59-B4AA-901038880B29}.Release|Any CPU.Build.0 = Release|iPhoneSimulator
		{0A9C787D-1E31-4F59-B4AA-901038880B29}.Release|Any CPU.Deploy.0 = Release|iPhoneSimulator
		{0A9C787D-1E31-4F59-B4AA-901038880B29}.Release|iPhone.ActiveCfg = Release|iPhone
		{0A9C787D-1E31-4F59-B4AA-901038880B29}.Release|iPhone.Build.0 = Release|iPhone
		{0A9C787D-1E31-4F59-B4AA-901038880B29}.Release|iPhone.Deploy.0 = Release|iPhone
		{0A9C787D-1E31-4F59-B4AA-901038880B29}.Release|iPhoneSimulator.ActiveCfg = Release|iPhoneSimulator
		{0A9C787D-1E31-4F59-B4AA-901038880B29}.Release|iPhoneSimulator.Build.0 = Release|iPhoneSimulator
		{0A9C787D-1E31-4F59-B4AA-901038880B29}.Release|iPhoneSimulator.Deploy.0 = Release|iPhoneSimulator
		{6B95D753-2FC4-4250-AA70-8FF065AF908D}.Debug|Any CPU.ActiveCfg = Debug|Any CPU
		{6B95D753-2FC4-4250-AA70-8FF065AF908D}.Debug|Any CPU.Build.0 = Debug|Any CPU
		{6B95D753-2FC4-4250-AA70-8FF065AF908D}.Debug|Any CPU.Deploy.0 = Debug|Any CPU
		{6B95D753-2FC4-4250-AA70-8FF065AF908D}.Debug|iPhone.ActiveCfg = Debug|Any CPU
		{6B95D753-2FC4-4250-AA70-8FF065AF908D}.Debug|iPhone.Build.0 = Debug|Any CPU
		{6B95D753-2FC4-4250-AA70-8FF065AF908D}.Debug|iPhone.Deploy.0 = Debug|Any CPU
		{6B95D753-2FC4-4250-AA70-8FF065AF908D}.Debug|iPhoneSimulator.ActiveCfg = Debug|Any CPU
		{6B95D753-2FC4-4250-AA70-8FF065AF908D}.Debug|iPhoneSimulator.Build.0 = Debug|Any CPU
		{6B95D753-2FC4-4250-AA70-8FF065AF908D}.Debug|iPhoneSimulator.Deploy.0 = Debug|Any CPU
		{6B95D753-2FC4-4250-AA70-8FF065AF908D}.Release|Any CPU.ActiveCfg = Release|Any CPU
		{6B95D753-2FC4-4250-AA70-8FF065AF908D}.Release|Any CPU.Build.0 = Release|Any CPU
		{6B95D753-2FC4-4250-AA70-8FF065AF908D}.Release|Any CPU.Deploy.0 = Release|Any CPU
		{6B95D753-2FC4-4250-AA70-8FF065AF908D}.Release|iPhone.ActiveCfg = Release|Any CPU
		{6B95D753-2FC4-4250-AA70-8FF065AF908D}.Release|iPhone.Build.0 = Release|Any CPU
		{6B95D753-2FC4-4250-AA70-8FF065AF908D}.Release|iPhone.Deploy.0 = Release|Any CPU
		{6B95D753-2FC4-4250-AA70-8FF065AF908D}.Release|iPhoneSimulator.ActiveCfg = Release|Any CPU
		{6B95D753-2FC4-4250-AA70-8FF065AF908D}.Release|iPhoneSimulator.Build.0 = Release|Any CPU
		{6B95D753-2FC4-4250-AA70-8FF065AF908D}.Release|iPhoneSimulator.Deploy.0 = Release|Any CPU
	EndGlobalSection
	GlobalSection(SolutionProperties) = preSolution
		HideSolutionNode = FALSE
	EndGlobalSection
	GlobalSection(ExtensibilityGlobals) = postSolution
		SolutionGuid = {6BE54609-5A72-4748-973D-2E238E8B0855}
	EndGlobalSection
EndGlobal
